PODS:
  - HPParallaxHeader (0.1.0)
  - Parchment (3.0.1)

DEPENDENCIES:
  - HPParallaxHeader (from `../`)
  - Parchment

SPEC REPOS:
  trunk:
    - Parchment

EXTERNAL SOURCES:
  HPParallaxHeader:
    :path: "../"

SPEC CHECKSUMS:
  HPParallaxHeader: 6f55f178f0ea9235c30ec34939b7e382f50dadcf
  Parchment: 466a1cfb6151780db8acb4bbedc2d9c6bfa1e2ff

PODFILE CHECKSUM: 09f6b185578daa5f25269ac79df6e5301a0c43b7

COCOAPODS: 1.10.0
